// !$*UTF8*$!
{
	archiveVersion = 1;
	classes = {
	};
	objectVersion = 56;
	objects = {

/* Begin PBXBuildFile section */
		AB003E9D2C06229600A163E8 /* ViewModelType.swift in Sources */ = {isa = PBXBuildFile; fileRef = AB003E9C2C06229600A163E8 /* ViewModelType.swift */; };
		AB003E9F2C0632B700A163E8 /* Reactive+.swift in Sources */ = {isa = PBXBuildFile; fileRef = AB003E9E2C0632B700A163E8 /* Reactive+.swift */; };
		AB09C7BD2BAB32F3007A0815 /* AppDelegate.swift in Sources */ = {isa = PBXBuildFile; fileRef = AB09C7BC2BAB32F3007A0815 /* AppDelegate.swift */; };
		AB09C7BF2BAB32F3007A0815 /* SceneDelegate.swift in Sources */ = {isa = PBXBuildFile; fileRef = AB09C7BE2BAB32F3007A0815 /* SceneDelegate.swift */; };
		AB09C7C12BAB32F3007A0815 /* HomeViewController.swift in Sources */ = {isa = PBXBuildFile; fileRef = AB09C7C02BAB32F3007A0815 /* HomeViewController.swift */; };
		AB09C7C62BAB32F5007A0815 /* Assets.xcassets in Resources */ = {isa = PBXBuildFile; fileRef = AB09C7C52BAB32F5007A0815 /* Assets.xcassets */; };
		AB09C7C92BAB32F5007A0815 /* LaunchScreen.storyboard in Resources */ = {isa = PBXBuildFile; fileRef = AB09C7C72BAB32F5007A0815 /* LaunchScreen.storyboard */; };
		AB09C7D92BAB3457007A0815 /* SearchViewController.swift in Sources */ = {isa = PBXBuildFile; fileRef = AB09C7D82BAB3457007A0815 /* SearchViewController.swift */; };
		AB09C7DC2BAB3479007A0815 /* DetailViewController.swift in Sources */ = {isa = PBXBuildFile; fileRef = AB09C7DB2BAB3479007A0815 /* DetailViewController.swift */; };
		AB09C7DF2BAB3495007A0815 /* ComposeViewController.swift in Sources */ = {isa = PBXBuildFile; fileRef = AB09C7DE2BAB3494007A0815 /* ComposeViewController.swift */; };
		AB09C7E22BAB34AD007A0815 /* TabBarViewController.swift in Sources */ = {isa = PBXBuildFile; fileRef = AB09C7E12BAB34AD007A0815 /* TabBarViewController.swift */; };
		AB09C7F02BAB3AD9007A0815 /* BaseViewController.swift in Sources */ = {isa = PBXBuildFile; fileRef = AB09C7EF2BAB3AD9007A0815 /* BaseViewController.swift */; };
		AB43B1A72BBD9F7000CC57EA /* ComposeView.swift in Sources */ = {isa = PBXBuildFile; fileRef = AB43B1A62BBD9F7000CC57EA /* ComposeView.swift */; };
		AB43B1A92BBDA37600CC57EA /* Date+.swift in Sources */ = {isa = PBXBuildFile; fileRef = AB43B1A82BBDA37600CC57EA /* Date+.swift */; };
		AB43B1AC2BBDB83600CC57EA /* SearchCollectionViewCell.swift in Sources */ = {isa = PBXBuildFile; fileRef = AB43B1AB2BBDB83600CC57EA /* SearchCollectionViewCell.swift */; };
		AB4E97F72C0E1B6000350494 /* RealmError.swift in Sources */ = {isa = PBXBuildFile; fileRef = AB4E97F62C0E1B6000350494 /* RealmError.swift */; };
		AB73F2B22BC67EDE00C38AE4 /* SearchView.swift in Sources */ = {isa = PBXBuildFile; fileRef = AB73F2B12BC67EDE00C38AE4 /* SearchView.swift */; };
		AB73F2B42BC6807400C38AE4 /* HomeView.swift in Sources */ = {isa = PBXBuildFile; fileRef = AB73F2B32BC6807400C38AE4 /* HomeView.swift */; };
		AB7C55BC2BB98496006B69F0 /* TestPaperCell.swift in Sources */ = {isa = PBXBuildFile; fileRef = AB7C55BB2BB98496006B69F0 /* TestPaperCell.swift */; };
		AB7C55BE2BB98833006B69F0 /* UIColor+.swift in Sources */ = {isa = PBXBuildFile; fileRef = AB7C55BD2BB98833006B69F0 /* UIColor+.swift */; };
		AB7C55CC2BBA7BB8006B69F0 /* InputTextField.swift in Sources */ = {isa = PBXBuildFile; fileRef = AB7C55CB2BBA7BB8006B69F0 /* InputTextField.swift */; };
		ABACBA3A2BF38C3700460A42 /* BaseViewModel.swift in Sources */ = {isa = PBXBuildFile; fileRef = ABACBA392BF38C3700460A42 /* BaseViewModel.swift */; };
		ABACBA3D2BF38D5500460A42 /* PerfumeStorageType.swift in Sources */ = {isa = PBXBuildFile; fileRef = ABACBA3C2BF38D5500460A42 /* PerfumeStorageType.swift */; };
		ABACBA412BF390BE00460A42 /* ViewModelBindableType.swift in Sources */ = {isa = PBXBuildFile; fileRef = ABACBA402BF390BE00460A42 /* ViewModelBindableType.swift */; };
		ABACBA472BF3917200460A42 /* HomeViewModel.swift in Sources */ = {isa = PBXBuildFile; fileRef = ABACBA462BF3917200460A42 /* HomeViewModel.swift */; };
		ABACBA492BF3918F00460A42 /* SearchPerfumeViewModel.swift in Sources */ = {isa = PBXBuildFile; fileRef = ABACBA482BF3918F00460A42 /* SearchPerfumeViewModel.swift */; };
		ABACBA4B2BF391A200460A42 /* DetailPerfumeViewModel.swift in Sources */ = {isa = PBXBuildFile; fileRef = ABACBA4A2BF391A200460A42 /* DetailPerfumeViewModel.swift */; };
		ABACBA4D2BF391BD00460A42 /* ComposeViewModel.swift in Sources */ = {isa = PBXBuildFile; fileRef = ABACBA4C2BF391BD00460A42 /* ComposeViewModel.swift */; };
		ABACBA4F2BF3930400460A42 /* PerfumeStorage.swift in Sources */ = {isa = PBXBuildFile; fileRef = ABACBA4E2BF3930400460A42 /* PerfumeStorage.swift */; };
		ABACBA562BF3ACB400460A42 /* Perfume.swift in Sources */ = {isa = PBXBuildFile; fileRef = ABACBA552BF3ACB400460A42 /* Perfume.swift */; };
		ABADCB722BBD93ED000F4127 /* BaseView.swift in Sources */ = {isa = PBXBuildFile; fileRef = ABADCB712BBD93ED000F4127 /* BaseView.swift */; };
		ABADCB762BBD9CDC000F4127 /* DetailView.swift in Sources */ = {isa = PBXBuildFile; fileRef = ABADCB752BBD9CDC000F4127 /* DetailView.swift */; };
		ABCFAD242C0CD9CB00909D26 /* ImageFileManager.swift in Sources */ = {isa = PBXBuildFile; fileRef = ABCFAD232C0CD9CB00909D26 /* ImageFileManager.swift */; };
		ABCFAD2D2C0DDF6C00909D26 /* PerfumeModel.swift in Sources */ = {isa = PBXBuildFile; fileRef = ABCFAD2C2C0DDF6C00909D26 /* PerfumeModel.swift */; };
		ABCFAD302C0DE05000909D26 /* RealmService.swift in Sources */ = {isa = PBXBuildFile; fileRef = ABCFAD2F2C0DE05000909D26 /* RealmService.swift */; };
		B4DEA26F6E71E09220BD4C8C /* Pods_Hyanggi.framework in Frameworks */ = {isa = PBXBuildFile; fileRef = FB67F62509A540362E0D17BC /* Pods_Hyanggi.framework */; };
/* End PBXBuildFile section */

/* Begin PBXCopyFilesBuildPhase section */
		AB7C55CA2BBA765E006B69F0 /* Embed Frameworks */ = {
			isa = PBXCopyFilesBuildPhase;
			buildActionMask = 2147483647;
			dstPath = "";
			dstSubfolderSpec = 10;
			files = (
			);
			name = "Embed Frameworks";
			runOnlyForDeploymentPostprocessing = 0;
		};
/* End PBXCopyFilesBuildPhase section */

/* Begin PBXFileReference section */
		64F7B10EF05A1B01EEE127EE /* Pods-Hyanggi.release.xcconfig */ = {isa = PBXFileReference; includeInIndex = 1; lastKnownFileType = text.xcconfig; name = "Pods-Hyanggi.release.xcconfig"; path = "Target Support Files/Pods-Hyanggi/Pods-Hyanggi.release.xcconfig"; sourceTree = "<group>"; };
		AB003E9C2C06229600A163E8 /* ViewModelType.swift */ = {isa = PBXFileReference; lastKnownFileType = sourcecode.swift; path = ViewModelType.swift; sourceTree = "<group>"; };
		AB003E9E2C0632B700A163E8 /* Reactive+.swift */ = {isa = PBXFileReference; lastKnownFileType = sourcecode.swift; path = "Reactive+.swift"; sourceTree = "<group>"; };
		AB09C7B92BAB32F3007A0815 /* Hyanggi.app */ = {isa = PBXFileReference; explicitFileType = wrapper.application; includeInIndex = 0; path = Hyanggi.app; sourceTree = BUILT_PRODUCTS_DIR; };
		AB09C7BC2BAB32F3007A0815 /* AppDelegate.swift */ = {isa = PBXFileReference; lastKnownFileType = sourcecode.swift; path = AppDelegate.swift; sourceTree = "<group>"; };
		AB09C7BE2BAB32F3007A0815 /* SceneDelegate.swift */ = {isa = PBXFileReference; lastKnownFileType = sourcecode.swift; path = SceneDelegate.swift; sourceTree = "<group>"; };
		AB09C7C02BAB32F3007A0815 /* HomeViewController.swift */ = {isa = PBXFileReference; lastKnownFileType = sourcecode.swift; path = HomeViewController.swift; sourceTree = "<group>"; };
		AB09C7C52BAB32F5007A0815 /* Assets.xcassets */ = {isa = PBXFileReference; lastKnownFileType = folder.assetcatalog; path = Assets.xcassets; sourceTree = "<group>"; };
		AB09C7C82BAB32F5007A0815 /* Base */ = {isa = PBXFileReference; lastKnownFileType = file.storyboard; name = Base; path = Base.lproj/LaunchScreen.storyboard; sourceTree = "<group>"; };
		AB09C7CA2BAB32F5007A0815 /* Info.plist */ = {isa = PBXFileReference; lastKnownFileType = text.plist.xml; path = Info.plist; sourceTree = "<group>"; };
		AB09C7D82BAB3457007A0815 /* SearchViewController.swift */ = {isa = PBXFileReference; lastKnownFileType = sourcecode.swift; path = SearchViewController.swift; sourceTree = "<group>"; };
		AB09C7DB2BAB3479007A0815 /* DetailViewController.swift */ = {isa = PBXFileReference; lastKnownFileType = sourcecode.swift; path = DetailViewController.swift; sourceTree = "<group>"; };
		AB09C7DE2BAB3494007A0815 /* ComposeViewController.swift */ = {isa = PBXFileReference; lastKnownFileType = sourcecode.swift; path = ComposeViewController.swift; sourceTree = "<group>"; };
		AB09C7E12BAB34AD007A0815 /* TabBarViewController.swift */ = {isa = PBXFileReference; lastKnownFileType = sourcecode.swift; path = TabBarViewController.swift; sourceTree = "<group>"; };
		AB09C7EF2BAB3AD9007A0815 /* BaseViewController.swift */ = {isa = PBXFileReference; lastKnownFileType = sourcecode.swift; path = BaseViewController.swift; sourceTree = "<group>"; };
		AB43B1A62BBD9F7000CC57EA /* ComposeView.swift */ = {isa = PBXFileReference; lastKnownFileType = sourcecode.swift; path = ComposeView.swift; sourceTree = "<group>"; };
		AB43B1A82BBDA37600CC57EA /* Date+.swift */ = {isa = PBXFileReference; lastKnownFileType = sourcecode.swift; path = "Date+.swift"; sourceTree = "<group>"; };
		AB43B1AB2BBDB83600CC57EA /* SearchCollectionViewCell.swift */ = {isa = PBXFileReference; lastKnownFileType = sourcecode.swift; path = SearchCollectionViewCell.swift; sourceTree = "<group>"; };
		AB4E97F62C0E1B6000350494 /* RealmError.swift */ = {isa = PBXFileReference; lastKnownFileType = sourcecode.swift; path = RealmError.swift; sourceTree = "<group>"; };
		AB73F2B12BC67EDE00C38AE4 /* SearchView.swift */ = {isa = PBXFileReference; lastKnownFileType = sourcecode.swift; path = SearchView.swift; sourceTree = "<group>"; };
		AB73F2B32BC6807400C38AE4 /* HomeView.swift */ = {isa = PBXFileReference; lastKnownFileType = sourcecode.swift; path = HomeView.swift; sourceTree = "<group>"; };
		AB7C55BB2BB98496006B69F0 /* TestPaperCell.swift */ = {isa = PBXFileReference; lastKnownFileType = sourcecode.swift; path = TestPaperCell.swift; sourceTree = "<group>"; };
		AB7C55BD2BB98833006B69F0 /* UIColor+.swift */ = {isa = PBXFileReference; lastKnownFileType = sourcecode.swift; path = "UIColor+.swift"; sourceTree = "<group>"; };
		AB7C55CB2BBA7BB8006B69F0 /* InputTextField.swift */ = {isa = PBXFileReference; lastKnownFileType = sourcecode.swift; path = InputTextField.swift; sourceTree = "<group>"; };
		ABACBA392BF38C3700460A42 /* BaseViewModel.swift */ = {isa = PBXFileReference; lastKnownFileType = sourcecode.swift; path = BaseViewModel.swift; sourceTree = "<group>"; };
		ABACBA3C2BF38D5500460A42 /* PerfumeStorageType.swift */ = {isa = PBXFileReference; lastKnownFileType = sourcecode.swift; path = PerfumeStorageType.swift; sourceTree = "<group>"; };
		ABACBA402BF390BE00460A42 /* ViewModelBindableType.swift */ = {isa = PBXFileReference; lastKnownFileType = sourcecode.swift; path = ViewModelBindableType.swift; sourceTree = "<group>"; };
		ABACBA462BF3917200460A42 /* HomeViewModel.swift */ = {isa = PBXFileReference; lastKnownFileType = sourcecode.swift; path = HomeViewModel.swift; sourceTree = "<group>"; };
		ABACBA482BF3918F00460A42 /* SearchPerfumeViewModel.swift */ = {isa = PBXFileReference; lastKnownFileType = sourcecode.swift; path = SearchPerfumeViewModel.swift; sourceTree = "<group>"; };
		ABACBA4A2BF391A200460A42 /* DetailPerfumeViewModel.swift */ = {isa = PBXFileReference; lastKnownFileType = sourcecode.swift; path = DetailPerfumeViewModel.swift; sourceTree = "<group>"; };
		ABACBA4C2BF391BD00460A42 /* ComposeViewModel.swift */ = {isa = PBXFileReference; lastKnownFileType = sourcecode.swift; path = ComposeViewModel.swift; sourceTree = "<group>"; };
		ABACBA4E2BF3930400460A42 /* PerfumeStorage.swift */ = {isa = PBXFileReference; lastKnownFileType = sourcecode.swift; path = PerfumeStorage.swift; sourceTree = "<group>"; };
		ABACBA552BF3ACB400460A42 /* Perfume.swift */ = {isa = PBXFileReference; lastKnownFileType = sourcecode.swift; path = Perfume.swift; sourceTree = "<group>"; };
		ABADCB712BBD93ED000F4127 /* BaseView.swift */ = {isa = PBXFileReference; lastKnownFileType = sourcecode.swift; path = BaseView.swift; sourceTree = "<group>"; };
		ABADCB752BBD9CDC000F4127 /* DetailView.swift */ = {isa = PBXFileReference; lastKnownFileType = sourcecode.swift; path = DetailView.swift; sourceTree = "<group>"; };
		ABCFAD232C0CD9CB00909D26 /* ImageFileManager.swift */ = {isa = PBXFileReference; lastKnownFileType = sourcecode.swift; path = ImageFileManager.swift; sourceTree = "<group>"; };
		ABCFAD2C2C0DDF6C00909D26 /* PerfumeModel.swift */ = {isa = PBXFileReference; lastKnownFileType = sourcecode.swift; path = PerfumeModel.swift; sourceTree = "<group>"; };
		ABCFAD2F2C0DE05000909D26 /* RealmService.swift */ = {isa = PBXFileReference; lastKnownFileType = sourcecode.swift; path = RealmService.swift; sourceTree = "<group>"; };
		EC135A5797A97257F885F6ED /* Pods-Hyanggi.debug.xcconfig */ = {isa = PBXFileReference; includeInIndex = 1; lastKnownFileType = text.xcconfig; name = "Pods-Hyanggi.debug.xcconfig"; path = "Target Support Files/Pods-Hyanggi/Pods-Hyanggi.debug.xcconfig"; sourceTree = "<group>"; };
		FB67F62509A540362E0D17BC /* Pods_Hyanggi.framework */ = {isa = PBXFileReference; explicitFileType = wrapper.framework; includeInIndex = 0; path = Pods_Hyanggi.framework; sourceTree = BUILT_PRODUCTS_DIR; };
/* End PBXFileReference section */

/* Begin PBXFrameworksBuildPhase section */
		AB09C7B62BAB32F3007A0815 /* Frameworks */ = {
			isa = PBXFrameworksBuildPhase;
			buildActionMask = 2147483647;
			files = (
				B4DEA26F6E71E09220BD4C8C /* Pods_Hyanggi.framework in Frameworks */,
			);
			runOnlyForDeploymentPostprocessing = 0;
		};
/* End PBXFrameworksBuildPhase section */

/* Begin PBXGroup section */
		AB09C7B02BAB32F3007A0815 = {
			isa = PBXGroup;
			children = (
				AB09C7BB2BAB32F3007A0815 /* Hyanggi */,
				AB09C7BA2BAB32F3007A0815 /* Products */,
				C22777D8E1D78CC3E44B9B8A /* Pods */,
				E743C049DEBBFCA92BE83082 /* Frameworks */,
			);
			sourceTree = "<group>";
		};
		AB09C7BA2BAB32F3007A0815 /* Products */ = {
			isa = PBXGroup;
			children = (
				AB09C7B92BAB32F3007A0815 /* Hyanggi.app */,
			);
			name = Products;
			sourceTree = "<group>";
		};
		AB09C7BB2BAB32F3007A0815 /* Hyanggi */ = {
			isa = PBXGroup;
			children = (
				AB09C7D02BAB332E007A0815 /* App */,
				AB09C7D12BAB3338007A0815 /* Resource */,
				AB09C7D22BAB3349007A0815 /* Screen */,
				ABACBA542BF3ACA900460A42 /* Model */,
				ABACBA3B2BF38D1B00460A42 /* Service */,
				AB09C7D32BAB3379007A0815 /* Util */,
			);
			path = Hyanggi;
			sourceTree = "<group>";
		};
		AB09C7D02BAB332E007A0815 /* App */ = {
			isa = PBXGroup;
			children = (
				AB09C7CA2BAB32F5007A0815 /* Info.plist */,
				AB09C7BC2BAB32F3007A0815 /* AppDelegate.swift */,
				AB09C7BE2BAB32F3007A0815 /* SceneDelegate.swift */,
			);
			path = App;
			sourceTree = "<group>";
		};
		AB09C7D12BAB3338007A0815 /* Resource */ = {
			isa = PBXGroup;
			children = (
				AB09C7C52BAB32F5007A0815 /* Assets.xcassets */,
				AB09C7C72BAB32F5007A0815 /* LaunchScreen.storyboard */,
			);
			path = Resource;
			sourceTree = "<group>";
		};
		AB09C7D22BAB3349007A0815 /* Screen */ = {
			isa = PBXGroup;
			children = (
				AB09C7E02BAB349D007A0815 /* Common */,
				AB09C7D62BAB3429007A0815 /* Home */,
				AB09C7D72BAB3430007A0815 /* Search */,
				AB09C7DA2BAB345B007A0815 /* Detail */,
				AB09C7DD2BAB348A007A0815 /* Compose */,
			);
			path = Screen;
			sourceTree = "<group>";
		};
		AB09C7D32BAB3379007A0815 /* Util */ = {
			isa = PBXGroup;
			children = (
				ABADCB6A2BBD917C000F4127 /* Base */,
				AB7C55BF2BB989DB006B69F0 /* Extension */,
				AB003E9C2C06229600A163E8 /* ViewModelType.swift */,
			);
			path = Util;
			sourceTree = "<group>";
		};
		AB09C7D62BAB3429007A0815 /* Home */ = {
			isa = PBXGroup;
			children = (
				AB73F2B82BC6826900C38AE4 /* View */,
				ABACBA502BF39C8700460A42 /* ViewController */,
				ABACBA422BF3911E00460A42 /* ViewModel */,
			);
			path = Home;
			sourceTree = "<group>";
		};
		AB09C7D72BAB3430007A0815 /* Search */ = {
			isa = PBXGroup;
			children = (
				AB43B1AA2BBDB82200CC57EA /* View */,
				ABACBA512BF39C9E00460A42 /* ViewController */,
				ABACBA432BF3912500460A42 /* ViewModel */,
			);
			path = Search;
			sourceTree = "<group>";
		};
		AB09C7DA2BAB345B007A0815 /* Detail */ = {
			isa = PBXGroup;
			children = (
				AB43B1A42BBD9EEE00CC57EA /* View */,
				ABACBA522BF39CAB00460A42 /* ViewController */,
				ABACBA442BF3912D00460A42 /* ViewModel */,
			);
			path = Detail;
			sourceTree = "<group>";
		};
		AB09C7DD2BAB348A007A0815 /* Compose */ = {
			isa = PBXGroup;
			children = (
				AB43B1A52BBD9F5900CC57EA /* View */,
				ABACBA532BF39CB700460A42 /* ViewController */,
				ABACBA452BF3913500460A42 /* ViewModel */,
			);
			path = Compose;
			sourceTree = "<group>";
		};
		AB09C7E02BAB349D007A0815 /* Common */ = {
			isa = PBXGroup;
			children = (
				ABACBA3E2BF390A300460A42 /* TabBar */,
				ABACBA3F2BF390AD00460A42 /* Protocol */,
			);
			path = Common;
			sourceTree = "<group>";
		};
		AB43B1A42BBD9EEE00CC57EA /* View */ = {
			isa = PBXGroup;
			children = (
				ABADCB752BBD9CDC000F4127 /* DetailView.swift */,
			);
			path = View;
			sourceTree = "<group>";
		};
		AB43B1A52BBD9F5900CC57EA /* View */ = {
			isa = PBXGroup;
			children = (
				AB7C55CB2BBA7BB8006B69F0 /* InputTextField.swift */,
				AB43B1A62BBD9F7000CC57EA /* ComposeView.swift */,
			);
			path = View;
			sourceTree = "<group>";
		};
		AB43B1AA2BBDB82200CC57EA /* View */ = {
			isa = PBXGroup;
			children = (
				AB43B1AB2BBDB83600CC57EA /* SearchCollectionViewCell.swift */,
				AB73F2B12BC67EDE00C38AE4 /* SearchView.swift */,
			);
			path = View;
			sourceTree = "<group>";
		};
		AB73F2B82BC6826900C38AE4 /* View */ = {
			isa = PBXGroup;
			children = (
				AB73F2B32BC6807400C38AE4 /* HomeView.swift */,
				AB7C55BB2BB98496006B69F0 /* TestPaperCell.swift */,
			);
			path = View;
			sourceTree = "<group>";
		};
		AB7C55BF2BB989DB006B69F0 /* Extension */ = {
			isa = PBXGroup;
			children = (
				AB7C55BD2BB98833006B69F0 /* UIColor+.swift */,
				AB43B1A82BBDA37600CC57EA /* Date+.swift */,
				AB003E9E2C0632B700A163E8 /* Reactive+.swift */,
			);
			path = Extension;
			sourceTree = "<group>";
		};
		ABACBA3B2BF38D1B00460A42 /* Service */ = {
			isa = PBXGroup;
			children = (
				ABCFAD2E2C0DE04400909D26 /* Realm */,
				ABCFAD252C0DDA0D00909D26 /* Local */,
				ABACBA3C2BF38D5500460A42 /* PerfumeStorageType.swift */,
				ABCFAD232C0CD9CB00909D26 /* ImageFileManager.swift */,
			);
			path = Service;
			sourceTree = "<group>";
		};
		ABACBA3E2BF390A300460A42 /* TabBar */ = {
			isa = PBXGroup;
			children = (
				AB09C7E12BAB34AD007A0815 /* TabBarViewController.swift */,
			);
			path = TabBar;
			sourceTree = "<group>";
		};
		ABACBA3F2BF390AD00460A42 /* Protocol */ = {
			isa = PBXGroup;
			children = (
				ABACBA402BF390BE00460A42 /* ViewModelBindableType.swift */,
			);
			path = Protocol;
			sourceTree = "<group>";
		};
		ABACBA422BF3911E00460A42 /* ViewModel */ = {
			isa = PBXGroup;
			children = (
				ABACBA462BF3917200460A42 /* HomeViewModel.swift */,
			);
			path = ViewModel;
			sourceTree = "<group>";
		};
		ABACBA432BF3912500460A42 /* ViewModel */ = {
			isa = PBXGroup;
			children = (
				ABACBA482BF3918F00460A42 /* SearchPerfumeViewModel.swift */,
			);
			path = ViewModel;
			sourceTree = "<group>";
		};
		ABACBA442BF3912D00460A42 /* ViewModel */ = {
			isa = PBXGroup;
			children = (
				ABACBA4A2BF391A200460A42 /* DetailPerfumeViewModel.swift */,
			);
			path = ViewModel;
			sourceTree = "<group>";
		};
		ABACBA452BF3913500460A42 /* ViewModel */ = {
			isa = PBXGroup;
			children = (
				ABACBA4C2BF391BD00460A42 /* ComposeViewModel.swift */,
			);
			path = ViewModel;
			sourceTree = "<group>";
		};
		ABACBA502BF39C8700460A42 /* ViewController */ = {
			isa = PBXGroup;
			children = (
				AB09C7C02BAB32F3007A0815 /* HomeViewController.swift */,
			);
			path = ViewController;
			sourceTree = "<group>";
		};
		ABACBA512BF39C9E00460A42 /* ViewController */ = {
			isa = PBXGroup;
			children = (
				AB09C7D82BAB3457007A0815 /* SearchViewController.swift */,
			);
			path = ViewController;
			sourceTree = "<group>";
		};
		ABACBA522BF39CAB00460A42 /* ViewController */ = {
			isa = PBXGroup;
			children = (
				AB09C7DB2BAB3479007A0815 /* DetailViewController.swift */,
			);
			path = ViewController;
			sourceTree = "<group>";
		};
		ABACBA532BF39CB700460A42 /* ViewController */ = {
			isa = PBXGroup;
			children = (
				AB09C7DE2BAB3494007A0815 /* ComposeViewController.swift */,
			);
			path = ViewController;
			sourceTree = "<group>";
		};
		ABACBA542BF3ACA900460A42 /* Model */ = {
			isa = PBXGroup;
			children = (
				ABACBA552BF3ACB400460A42 /* Perfume.swift */,
				ABCFAD2C2C0DDF6C00909D26 /* PerfumeModel.swift */,
			);
			path = Model;
			sourceTree = "<group>";
		};
		ABADCB6A2BBD917C000F4127 /* Base */ = {
			isa = PBXGroup;
			children = (
				AB09C7EF2BAB3AD9007A0815 /* BaseViewController.swift */,
				ABADCB712BBD93ED000F4127 /* BaseView.swift */,
				ABACBA392BF38C3700460A42 /* BaseViewModel.swift */,
			);
			path = Base;
			sourceTree = "<group>";
		};
		ABCFAD252C0DDA0D00909D26 /* Local */ = {
			isa = PBXGroup;
			children = (
				ABACBA4E2BF3930400460A42 /* PerfumeStorage.swift */,
			);
			path = Local;
			sourceTree = "<group>";
		};
		ABCFAD2E2C0DE04400909D26 /* Realm */ = {
			isa = PBXGroup;
			children = (
				ABCFAD2F2C0DE05000909D26 /* RealmService.swift */,
				AB4E97F62C0E1B6000350494 /* RealmError.swift */,
			);
			path = Realm;
			sourceTree = "<group>";
		};
		C22777D8E1D78CC3E44B9B8A /* Pods */ = {
			isa = PBXGroup;
			children = (
				EC135A5797A97257F885F6ED /* Pods-Hyanggi.debug.xcconfig */,
				64F7B10EF05A1B01EEE127EE /* Pods-Hyanggi.release.xcconfig */,
			);
			path = Pods;
			sourceTree = "<group>";
		};
		E743C049DEBBFCA92BE83082 /* Frameworks */ = {
			isa = PBXGroup;
			children = (
				FB67F62509A540362E0D17BC /* Pods_Hyanggi.framework */,
			);
			name = Frameworks;
			sourceTree = "<group>";
		};
/* End PBXGroup section */

/* Begin PBXNativeTarget section */
		AB09C7B82BAB32F3007A0815 /* Hyanggi */ = {
			isa = PBXNativeTarget;
			buildConfigurationList = AB09C7CD2BAB32F5007A0815 /* Build configuration list for PBXNativeTarget "Hyanggi" */;
			buildPhases = (
				FDEC8515DCFD36E6D2D0D6C4 /* [CP] Check Pods Manifest.lock */,
				AB09C7B52BAB32F3007A0815 /* Sources */,
				AB09C7B62BAB32F3007A0815 /* Frameworks */,
				AB09C7B72BAB32F3007A0815 /* Resources */,
				AB7C55CA2BBA765E006B69F0 /* Embed Frameworks */,
				687DFA3E833C5FD051FC217E /* [CP] Embed Pods Frameworks */,
			);
			buildRules = (
			);
			dependencies = (
			);
			name = Hyanggi;
			productName = Hyanggi;
			productReference = AB09C7B92BAB32F3007A0815 /* Hyanggi.app */;
			productType = "com.apple.product-type.application";
		};
/* End PBXNativeTarget section */

/* Begin PBXProject section */
		AB09C7B12BAB32F3007A0815 /* Project object */ = {
			isa = PBXProject;
			attributes = {
				BuildIndependentTargetsInParallel = 1;
				LastSwiftUpdateCheck = 1500;
				LastUpgradeCheck = 1500;
				TargetAttributes = {
					AB09C7B82BAB32F3007A0815 = {
						CreatedOnToolsVersion = 15.0;
					};
				};
			};
			buildConfigurationList = AB09C7B42BAB32F3007A0815 /* Build configuration list for PBXProject "Hyanggi" */;
			compatibilityVersion = "Xcode 14.0";
			developmentRegion = en;
			hasScannedForEncodings = 0;
			knownRegions = (
				en,
				Base,
			);
			mainGroup = AB09C7B02BAB32F3007A0815;
			productRefGroup = AB09C7BA2BAB32F3007A0815 /* Products */;
			projectDirPath = "";
			projectRoot = "";
			targets = (
				AB09C7B82BAB32F3007A0815 /* Hyanggi */,
			);
		};
/* End PBXProject section */

/* Begin PBXResourcesBuildPhase section */
		AB09C7B72BAB32F3007A0815 /* Resources */ = {
			isa = PBXResourcesBuildPhase;
			buildActionMask = 2147483647;
			files = (
				AB09C7C92BAB32F5007A0815 /* LaunchScreen.storyboard in Resources */,
				AB09C7C62BAB32F5007A0815 /* Assets.xcassets in Resources */,
			);
			runOnlyForDeploymentPostprocessing = 0;
		};
/* End PBXResourcesBuildPhase section */

/* Begin PBXShellScriptBuildPhase section */
		687DFA3E833C5FD051FC217E /* [CP] Embed Pods Frameworks */ = {
			isa = PBXShellScriptBuildPhase;
			buildActionMask = 2147483647;
			files = (
			);
			inputFileListPaths = (
				"${PODS_ROOT}/Target Support Files/Pods-Hyanggi/Pods-Hyanggi-frameworks-${CONFIGURATION}-input-files.xcfilelist",
			);
			name = "[CP] Embed Pods Frameworks";
			outputFileListPaths = (
				"${PODS_ROOT}/Target Support Files/Pods-Hyanggi/Pods-Hyanggi-frameworks-${CONFIGURATION}-output-files.xcfilelist",
			);
			runOnlyForDeploymentPostprocessing = 0;
			shellPath = /bin/sh;
			shellScript = "\"${PODS_ROOT}/Target Support Files/Pods-Hyanggi/Pods-Hyanggi-frameworks.sh\"\n";
			showEnvVarsInLog = 0;
		};
		FDEC8515DCFD36E6D2D0D6C4 /* [CP] Check Pods Manifest.lock */ = {
			isa = PBXShellScriptBuildPhase;
			buildActionMask = 2147483647;
			files = (
			);
			inputFileListPaths = (
			);
			inputPaths = (
				"${PODS_PODFILE_DIR_PATH}/Podfile.lock",
				"${PODS_ROOT}/Manifest.lock",
			);
			name = "[CP] Check Pods Manifest.lock";
			outputFileListPaths = (
			);
			outputPaths = (
				"$(DERIVED_FILE_DIR)/Pods-Hyanggi-checkManifestLockResult.txt",
			);
			runOnlyForDeploymentPostprocessing = 0;
			shellPath = /bin/sh;
			shellScript = "diff \"${PODS_PODFILE_DIR_PATH}/Podfile.lock\" \"${PODS_ROOT}/Manifest.lock\" > /dev/null\nif [ $? != 0 ] ; then\n    # print error to STDERR\n    echo \"error: The sandbox is not in sync with the Podfile.lock. Run 'pod install' or update your CocoaPods installation.\" >&2\n    exit 1\nfi\n# This output is used by Xcode 'outputs' to avoid re-running this script phase.\necho \"SUCCESS\" > \"${SCRIPT_OUTPUT_FILE_0}\"\n";
			showEnvVarsInLog = 0;
		};
/* End PBXShellScriptBuildPhase section */

/* Begin PBXSourcesBuildPhase section */
		AB09C7B52BAB32F3007A0815 /* Sources */ = {
			isa = PBXSourcesBuildPhase;
			buildActionMask = 2147483647;
			files = (
				ABACBA4F2BF3930400460A42 /* PerfumeStorage.swift in Sources */,
				AB09C7DF2BAB3495007A0815 /* ComposeViewController.swift in Sources */,
				ABACBA472BF3917200460A42 /* HomeViewModel.swift in Sources */,
				ABACBA4B2BF391A200460A42 /* DetailPerfumeViewModel.swift in Sources */,
				AB09C7C12BAB32F3007A0815 /* HomeViewController.swift in Sources */,
				ABACBA3D2BF38D5500460A42 /* PerfumeStorageType.swift in Sources */,
				AB09C7BD2BAB32F3007A0815 /* AppDelegate.swift in Sources */,
				ABADCB722BBD93ED000F4127 /* BaseView.swift in Sources */,
				AB09C7DC2BAB3479007A0815 /* DetailViewController.swift in Sources */,
				ABACBA4D2BF391BD00460A42 /* ComposeViewModel.swift in Sources */,
				ABACBA562BF3ACB400460A42 /* Perfume.swift in Sources */,
				AB7C55CC2BBA7BB8006B69F0 /* InputTextField.swift in Sources */,
				AB73F2B22BC67EDE00C38AE4 /* SearchView.swift in Sources */,
				AB003E9F2C0632B700A163E8 /* Reactive+.swift in Sources */,
				AB43B1A72BBD9F7000CC57EA /* ComposeView.swift in Sources */,
				ABCFAD302C0DE05000909D26 /* RealmService.swift in Sources */,
				ABACBA412BF390BE00460A42 /* ViewModelBindableType.swift in Sources */,
				ABCFAD2D2C0DDF6C00909D26 /* PerfumeModel.swift in Sources */,
				AB43B1A92BBDA37600CC57EA /* Date+.swift in Sources */,
				ABACBA492BF3918F00460A42 /* SearchPerfumeViewModel.swift in Sources */,
				AB73F2B42BC6807400C38AE4 /* HomeView.swift in Sources */,
				AB09C7F02BAB3AD9007A0815 /* BaseViewController.swift in Sources */,
				ABADCB762BBD9CDC000F4127 /* DetailView.swift in Sources */,
				AB4E97F72C0E1B6000350494 /* RealmError.swift in Sources */,
				AB003E9D2C06229600A163E8 /* ViewModelType.swift in Sources */,
				AB09C7E22BAB34AD007A0815 /* TabBarViewController.swift in Sources */,
				AB09C7D92BAB3457007A0815 /* SearchViewController.swift in Sources */,
				ABACBA3A2BF38C3700460A42 /* BaseViewModel.swift in Sources */,
				ABCFAD242C0CD9CB00909D26 /* ImageFileManager.swift in Sources */,
				AB09C7BF2BAB32F3007A0815 /* SceneDelegate.swift in Sources */,
				AB43B1AC2BBDB83600CC57EA /* SearchCollectionViewCell.swift in Sources */,
				AB7C55BC2BB98496006B69F0 /* TestPaperCell.swift in Sources */,
				AB7C55BE2BB98833006B69F0 /* UIColor+.swift in Sources */,
			);
			runOnlyForDeploymentPostprocessing = 0;
		};
/* End PBXSourcesBuildPhase section */

/* Begin PBXVariantGroup section */
		AB09C7C72BAB32F5007A0815 /* LaunchScreen.storyboard */ = {
			isa = PBXVariantGroup;
			children = (
				AB09C7C82BAB32F5007A0815 /* Base */,
			);
			name = LaunchScreen.storyboard;
			sourceTree = "<group>";
		};
/* End PBXVariantGroup section */

/* Begin XCBuildConfiguration section */
		AB09C7CB2BAB32F5007A0815 /* Debug */ = {
			isa = XCBuildConfiguration;
			buildSettings = {
				ALWAYS_SEARCH_USER_PATHS = NO;
				ASSETCATALOG_COMPILER_GENERATE_SWIFT_ASSET_SYMBOL_EXTENSIONS = YES;
				CLANG_ANALYZER_NONNULL = YES;
				CLANG_ANALYZER_NUMBER_OBJECT_CONVERSION = YES_AGGRESSIVE;
				CLANG_CXX_LANGUAGE_STANDARD = "gnu++20";
				CLANG_ENABLE_MODULES = YES;
				CLANG_ENABLE_OBJC_ARC = YES;
				CLANG_ENABLE_OBJC_WEAK = YES;
				CLANG_WARN_BLOCK_CAPTURE_AUTORELEASING = YES;
				CLANG_WARN_BOOL_CONVERSION = YES;
				CLANG_WARN_COMMA = YES;
				CLANG_WARN_CONSTANT_CONVERSION = YES;
				CLANG_WARN_DEPRECATED_OBJC_IMPLEMENTATIONS = YES;
				CLANG_WARN_DIRECT_OBJC_ISA_USAGE = YES_ERROR;
				CLANG_WARN_DOCUMENTATION_COMMENTS = YES;
				CLANG_WARN_EMPTY_BODY = YES;
				CLANG_WARN_ENUM_CONVERSION = YES;
				CLANG_WARN_INFINITE_RECURSION = YES;
				CLANG_WARN_INT_CONVERSION = YES;
				CLANG_WARN_NON_LITERAL_NULL_CONVERSION = YES;
				CLANG_WARN_OBJC_IMPLICIT_RETAIN_SELF = YES;
				CLANG_WARN_OBJC_LITERAL_CONVERSION = YES;
				CLANG_WARN_OBJC_ROOT_CLASS = YES_ERROR;
				CLANG_WARN_QUOTED_INCLUDE_IN_FRAMEWORK_HEADER = YES;
				CLANG_WARN_RANGE_LOOP_ANALYSIS = YES;
				CLANG_WARN_STRICT_PROTOTYPES = YES;
				CLANG_WARN_SUSPICIOUS_MOVE = YES;
				CLANG_WARN_UNGUARDED_AVAILABILITY = YES_AGGRESSIVE;
				CLANG_WARN_UNREACHABLE_CODE = YES;
				CLANG_WARN__DUPLICATE_METHOD_MATCH = YES;
				COPY_PHASE_STRIP = NO;
				DEBUG_INFORMATION_FORMAT = dwarf;
				ENABLE_STRICT_OBJC_MSGSEND = YES;
				ENABLE_TESTABILITY = YES;
				ENABLE_USER_SCRIPT_SANDBOXING = YES;
				GCC_C_LANGUAGE_STANDARD = gnu17;
				GCC_DYNAMIC_NO_PIC = NO;
				GCC_NO_COMMON_BLOCKS = YES;
				GCC_OPTIMIZATION_LEVEL = 0;
				GCC_PREPROCESSOR_DEFINITIONS = (
					"DEBUG=1",
					"$(inherited)",
				);
				GCC_WARN_64_TO_32_BIT_CONVERSION = YES;
				GCC_WARN_ABOUT_RETURN_TYPE = YES_ERROR;
				GCC_WARN_UNDECLARED_SELECTOR = YES;
				GCC_WARN_UNINITIALIZED_AUTOS = YES_AGGRESSIVE;
				GCC_WARN_UNUSED_FUNCTION = YES;
				GCC_WARN_UNUSED_VARIABLE = YES;
				IPHONEOS_DEPLOYMENT_TARGET = 15.0;
				LOCALIZATION_PREFERS_STRING_CATALOGS = YES;
				MTL_ENABLE_DEBUG_INFO = INCLUDE_SOURCE;
				MTL_FAST_MATH = YES;
				ONLY_ACTIVE_ARCH = YES;
				SDKROOT = iphoneos;
				SWIFT_ACTIVE_COMPILATION_CONDITIONS = "DEBUG $(inherited)";
				SWIFT_OPTIMIZATION_LEVEL = "-Onone";
			};
			name = Debug;
		};
		AB09C7CC2BAB32F5007A0815 /* Release */ = {
			isa = XCBuildConfiguration;
			buildSettings = {
				ALWAYS_SEARCH_USER_PATHS = NO;
				ASSETCATALOG_COMPILER_GENERATE_SWIFT_ASSET_SYMBOL_EXTENSIONS = YES;
				CLANG_ANALYZER_NONNULL = YES;
				CLANG_ANALYZER_NUMBER_OBJECT_CONVERSION = YES_AGGRESSIVE;
				CLANG_CXX_LANGUAGE_STANDARD = "gnu++20";
				CLANG_ENABLE_MODULES = YES;
				CLANG_ENABLE_OBJC_ARC = YES;
				CLANG_ENABLE_OBJC_WEAK = YES;
				CLANG_WARN_BLOCK_CAPTURE_AUTORELEASING = YES;
				CLANG_WARN_BOOL_CONVERSION = YES;
				CLANG_WARN_COMMA = YES;
				CLANG_WARN_CONSTANT_CONVERSION = YES;
				CLANG_WARN_DEPRECATED_OBJC_IMPLEMENTATIONS = YES;
				CLANG_WARN_DIRECT_OBJC_ISA_USAGE = YES_ERROR;
				CLANG_WARN_DOCUMENTATION_COMMENTS = YES;
				CLANG_WARN_EMPTY_BODY = YES;
				CLANG_WARN_ENUM_CONVERSION = YES;
				CLANG_WARN_INFINITE_RECURSION = YES;
				CLANG_WARN_INT_CONVERSION = YES;
				CLANG_WARN_NON_LITERAL_NULL_CONVERSION = YES;
				CLANG_WARN_OBJC_IMPLICIT_RETAIN_SELF = YES;
				CLANG_WARN_OBJC_LITERAL_CONVERSION = YES;
				CLANG_WARN_OBJC_ROOT_CLASS = YES_ERROR;
				CLANG_WARN_QUOTED_INCLUDE_IN_FRAMEWORK_HEADER = YES;
				CLANG_WARN_RANGE_LOOP_ANALYSIS = YES;
				CLANG_WARN_STRICT_PROTOTYPES = YES;
				CLANG_WARN_SUSPICIOUS_MOVE = YES;
				CLANG_WARN_UNGUARDED_AVAILABILITY = YES_AGGRESSIVE;
				CLANG_WARN_UNREACHABLE_CODE = YES;
				CLANG_WARN__DUPLICATE_METHOD_MATCH = YES;
				COPY_PHASE_STRIP = NO;
				DEBUG_INFORMATION_FORMAT = "dwarf-with-dsym";
				ENABLE_NS_ASSERTIONS = NO;
				ENABLE_STRICT_OBJC_MSGSEND = YES;
				ENABLE_USER_SCRIPT_SANDBOXING = YES;
				GCC_C_LANGUAGE_STANDARD = gnu17;
				GCC_NO_COMMON_BLOCKS = YES;
				GCC_WARN_64_TO_32_BIT_CONVERSION = YES;
				GCC_WARN_ABOUT_RETURN_TYPE = YES_ERROR;
				GCC_WARN_UNDECLARED_SELECTOR = YES;
				GCC_WARN_UNINITIALIZED_AUTOS = YES_AGGRESSIVE;
				GCC_WARN_UNUSED_FUNCTION = YES;
				GCC_WARN_UNUSED_VARIABLE = YES;
				IPHONEOS_DEPLOYMENT_TARGET = 15.0;
				LOCALIZATION_PREFERS_STRING_CATALOGS = YES;
				MTL_ENABLE_DEBUG_INFO = NO;
				MTL_FAST_MATH = YES;
				SDKROOT = iphoneos;
				SWIFT_COMPILATION_MODE = wholemodule;
				VALIDATE_PRODUCT = YES;
			};
			name = Release;
		};
		AB09C7CE2BAB32F5007A0815 /* Debug */ = {
			isa = XCBuildConfiguration;
			baseConfigurationReference = EC135A5797A97257F885F6ED /* Pods-Hyanggi.debug.xcconfig */;
			buildSettings = {
				ASSETCATALOG_COMPILER_APPICON_NAME = AppIcon;
				ASSETCATALOG_COMPILER_GLOBAL_ACCENT_COLOR_NAME = AccentColor;
				CODE_SIGN_STYLE = Automatic;
				CURRENT_PROJECT_VERSION = 1;
				DEVELOPMENT_TEAM = BTX96P3YD4;
				ENABLE_USER_SCRIPT_SANDBOXING = NO;
				GENERATE_INFOPLIST_FILE = YES;
				INFOPLIST_FILE = Hyanggi/App/Info.plist;
				INFOPLIST_KEY_NSPhotoLibraryUsageDescription = "향수 사진을 업로드하기 위해 앨범에 접근할 수 있도록 권한이 필요합니다.";
				INFOPLIST_KEY_UIApplicationSupportsIndirectInputEvents = YES;
				INFOPLIST_KEY_UILaunchStoryboardName = LaunchScreen;
				INFOPLIST_KEY_UISupportedInterfaceOrientations_iPad = "UIInterfaceOrientationPortrait UIInterfaceOrientationPortraitUpsideDown UIInterfaceOrientationLandscapeLeft UIInterfaceOrientationLandscapeRight";
				INFOPLIST_KEY_UISupportedInterfaceOrientations_iPhone = "UIInterfaceOrientationPortrait UIInterfaceOrientationLandscapeLeft UIInterfaceOrientationLandscapeRight";
				IPHONEOS_DEPLOYMENT_TARGET = 15.0;
				LD_RUNPATH_SEARCH_PATHS = (
					"$(inherited)",
					"@executable_path/Frameworks",
				);
				MARKETING_VERSION = 1.0;
				PRODUCT_BUNDLE_IDENTIFIER = min.Hyanggi;
				PRODUCT_NAME = "$(TARGET_NAME)";
				SWIFT_EMIT_LOC_STRINGS = YES;
				SWIFT_VERSION = 5.0;
				TARGETED_DEVICE_FAMILY = "1,2";
			};
			name = Debug;
		};
		AB09C7CF2BAB32F5007A0815 /* Release */ = {
			isa = XCBuildConfiguration;
			baseConfigurationReference = 64F7B10EF05A1B01EEE127EE /* Pods-Hyanggi.release.xcconfig */;
			buildSettings = {
				ASSETCATALOG_COMPILER_APPICON_NAME = AppIcon;
				ASSETCATALOG_COMPILER_GLOBAL_ACCENT_COLOR_NAME = AccentColor;
				CODE_SIGN_STYLE = Automatic;
				CURRENT_PROJECT_VERSION = 1;
				DEVELOPMENT_TEAM = BTX96P3YD4;
				ENABLE_USER_SCRIPT_SANDBOXING = NO;
				GENERATE_INFOPLIST_FILE = YES;
				INFOPLIST_FILE = Hyanggi/App/Info.plist;
				INFOPLIST_KEY_NSPhotoLibraryUsageDescription = "향수 사진을 업로드하기 위해 앨범에 접근할 수 있도록 권한이 필요합니다.";
				INFOPLIST_KEY_UIApplicationSupportsIndirectInputEvents = YES;
				INFOPLIST_KEY_UILaunchStoryboardName = LaunchScreen;
				INFOPLIST_KEY_UISupportedInterfaceOrientations_iPad = "UIInterfaceOrientationPortrait UIInterfaceOrientationPortraitUpsideDown UIInterfaceOrientationLandscapeLeft UIInterfaceOrientationLandscapeRight";
				INFOPLIST_KEY_UISupportedInterfaceOrientations_iPhone = "UIInterfaceOrientationPortrait UIInterfaceOrientationLandscapeLeft UIInterfaceOrientationLandscapeRight";
				IPHONEOS_DEPLOYMENT_TARGET = 15.0;
				LD_RUNPATH_SEARCH_PATHS = (
					"$(inherited)",
					"@executable_path/Frameworks",
				);
				MARKETING_VERSION = 1.0;
				PRODUCT_BUNDLE_IDENTIFIER = min.Hyanggi;
				PRODUCT_NAME = "$(TARGET_NAME)";
				SWIFT_EMIT_LOC_STRINGS = YES;
				SWIFT_VERSION = 5.0;
				TARGETED_DEVICE_FAMILY = "1,2";
			};
			name = Release;
		};
/* End XCBuildConfiguration section */

/* Begin XCConfigurationList section */
		AB09C7B42BAB32F3007A0815 /* Build configuration list for PBXProject "Hyanggi" */ = {
			isa = XCConfigurationList;
			buildConfigurations = (
				AB09C7CB2BAB32F5007A0815 /* Debug */,
				AB09C7CC2BAB32F5007A0815 /* Release */,
			);
			defaultConfigurationIsVisible = 0;
			defaultConfigurationName = Release;
		};
		AB09C7CD2BAB32F5007A0815 /* Build configuration list for PBXNativeTarget "Hyanggi" */ = {
			isa = XCConfigurationList;
			buildConfigurations = (
				AB09C7CE2BAB32F5007A0815 /* Debug */,
				AB09C7CF2BAB32F5007A0815 /* Release */,
			);
			defaultConfigurationIsVisible = 0;
			defaultConfigurationName = Release;
		};
/* End XCConfigurationList section */
	};
	rootObject = AB09C7B12BAB32F3007A0815 /* Project object */;
}
